Microsoft Visual Studio Solution File, Format Version 10.00
# Visual Studio 2008
Project("{FAE04EC0-301F-11D3-BF4B-00C04F79EFBC}") = "FBToolkit.Sample.Silverlight", "FBToolkit.Sample.Silverlight\FBToolkit.Sample.Silverlight.csproj", "{94072C9B-F0B6-4DEF-9981-0C0FDEE8F65F}"
EndProject
Project("{FAE04EC0-301F-11D3-BF4B-00C04F79EFBC}") = "FBToolkit.Sample.Silverlight.Web", "FBToolkit.Sample.Silverlight.Web\FBToolkit.Sample.Silverlight.Web.csproj", "{AE6A406D-545A-4734-A3F5-99DE094E234F}"
EndProject
Global
	GlobalSection(SolutionConfigurationPlatforms) = preSolution
		Debug|Any CPU = Debug|Any CPU
		Release|Any CPU = Release|Any CPU
	EndGlobalSection
	GlobalSection(ProjectConfigurationPlatforms) = postSolution
		{94072C9B-F0B6-4DEF-9981-0C0FDEE8F65F}.Debug|Any CPU.ActiveCfg = Debug|Any CPU
		{94072C9B-F0B6-4DEF-9981-0C0FDEE8F65F}.Debug|Any CPU.Build.0 = Debug|Any CPU
		{94072C9B-F0B6-4DEF-9981-0C0FDEE8F65F}.Release|Any CPU.ActiveCfg = Release|Any CPU
		{94072C9B-F0B6-4DEF-9981-0C0FDEE8F65F}.Release|Any CPU.Build.0 = Release|Any CPU
		{AE6A406D-545A-4734-A3F5-99DE094E234F}.Debug|Any CPU.ActiveCfg = Debug|Any CPU
		{AE6A406D-545A-4734-A3F5-99DE094E234F}.Debug|Any CPU.Build.0 = Debug|Any CPU
		{AE6A406D-545A-4734-A3F5-99DE094E234F}.Release|Any CPU.ActiveCfg = Release|Any CPU
		{AE6A406D-545A-4734-A3F5-99DE094E234F}.Release|Any CPU.Build.0 = Release|Any CPU
	EndGlobalSection
	GlobalSection(SolutionProperties) = preSolution
		HideSolutionNode = FALSE
	EndGlobalSection
EndGlobal
